
Microsoft Visual Studio Solution File, Format Version 12.00
# Visual Studio Version 16
VisualStudioVersion = 16.0.31624.102
MinimumVisualStudioVersion = 10.0.40219.1
Project("{FAE04EC0-301F-11D3-BF4B-00C04F79EFBC}") = "Tally Payment API", "Tally Payment API\Tally Payment API.csproj", "{31353D51-F37E-4A6A-B12B-F1C7A738963F}"
EndProject
Global
	GlobalSection(SolutionConfigurationPlatforms) = preSolution
		Debug|Any CPU = Debug|Any CPU
		Release|Any CPU = Release|Any CPU
	EndGlobalSection
	GlobalSection(ProjectConfigurationPlatforms) = postSolution
		{31353D51-F37E-4A6A-B12B-F1C7A738963F}.Debug|Any CPU.ActiveCfg = Debug|Any CPU
		{31353D51-F37E-4A6A-B12B-F1C7A738963F}.Debug|Any CPU.Build.0 = Debug|Any CPU
		{31353D51-F37E-4A6A-B12B-F1C7A738963F}.Release|Any CPU.ActiveCfg = Release|Any CPU
		{31353D51-F37E-4A6A-B12B-F1C7A738963F}.Release|Any CPU.Build.0 = Release|Any CPU
	EndGlobalSection
	GlobalSection(SolutionProperties) = preSolution
		HideSolutionNode = FALSE
	EndGlobalSection
	GlobalSection(ExtensibilityGlobals) = postSolution
		SolutionGuid = {87AC6357-2B3E-415E-89C5-E3550A4F8645}
	EndGlobalSection
EndGlobal
